// !$*UTF8*$!
{
	archiveVersion = 1;
	classes = {
	};
	objectVersion = 46;
	objects = {

/* Begin PBXBuildFile section */
		3F7A42021DDDF17400D5BE4A /* AppDelegate.swift in Sources */ = {isa = PBXBuildFile; fileRef = 3F7A42011DDDF17400D5BE4A /* AppDelegate.swift */; };
		3F7A42041DDDF17400D5BE4A /* ViewController.swift in Sources */ = {isa = PBXBuildFile; fileRef = 3F7A42031DDDF17400D5BE4A /* ViewController.swift */; };
		3F7A42071DDDF17400D5BE4A /* Main.storyboard in Resources */ = {isa = PBXBuildFile; fileRef = 3F7A42051DDDF17400D5BE4A /* Main.storyboard */; };
		3F7A42091DDDF17400D5BE4A /* Assets.xcassets in Resources */ = {isa = PBXBuildFile; fileRef = 3F7A42081DDDF17400D5BE4A /* Assets.xcassets */; };
		3F7A420C1DDDF17400D5BE4A /* LaunchScreen.storyboard in Resources */ = {isa = PBXBuildFile; fileRef = 3F7A420A1DDDF17400D5BE4A /* LaunchScreen.storyboard */; };
/* End PBXBuildFile section */

/* Begin PBXFileReference section */
		3F7A41FE1DDDF17400D5BE4A /* TableViewAnimationDemo.app */ = {isa = PBXFileReference; explicitFileType = wrapper.application; includeInIndex = 0; path = TableViewAnimationDemo.app; sourceTree = BUILT_PRODUCTS_DIR; };
		3F7A42011DDDF17400D5BE4A /* AppDelegate.swift */ = {isa = PBXFileReference; lastKnownFileType = sourcecode.swift; path = AppDelegate.swift; sourceTree = "<group>"; };
		3F7A42031DDDF17400D5BE4A /* ViewController.swift */ = {isa = PBXFileReference; lastKnownFileType = sourcecode.swift; path = ViewController.swift; sourceTree = "<group>"; };
		3F7A42061DDDF17400D5BE4A /* Base */ = {isa = PBXFileReference; lastKnownFileType = file.storyboard; name = Base; path = Base.lproj/Main.storyboard; sourceTree = "<group>"; };
		3F7A42081DDDF17400D5BE4A /* Assets.xcassets */ = {isa = PBXFileReference; lastKnownFileType = folder.assetcatalog; path = Assets.xcassets; sourceTree = "<group>"; };
		3F7A420B1DDDF17400D5BE4A /* Base */ = {isa = PBXFileReference; lastKnownFileType = file.storyboard; name = Base; path = Base.lproj/LaunchScreen.storyboard; sourceTree = "<group>"; };
		3F7A420D1DDDF17400D5BE4A /* Info.plist */ = {isa = PBXFileReference; lastKnownFileType = text.plist.xml; path = Info.plist; sourceTree = "<group>"; };
/* End PBXFileReference section */

/* Begin PBXFrameworksBuildPhase section */
		3F7A41FB1DDDF17400D5BE4A /* Frameworks */ = {
			isa = PBXFrameworksBuildPhase;
			buildActionMask = 2147483647;
			files = (
			);
			runOnlyForDeploymentPostprocessing = 0;
		};
/* End PBXFrameworksBuildPhase section */

/* Begin PBXGroup section */
		3F7A41F51DDDF17300D5BE4A = {
			isa = PBXGroup;
			children = (
				3F7A42001DDDF17400D5BE4A /* TableViewAnimationDemo */,
				3F7A41FF1DDDF17400D5BE4A /* Products */,
			);
			sourceTree = "<group>";
		};
		3F7A41FF1DDDF17400D5BE4A /* Products */ = {
			isa = PBXGroup;
			children = (
				3F7A41FE1DDDF17400D5BE4A /* TableViewAnimationDemo.app */,
			);
			name = Products;
			sourceTree = "<group>";
		};
		3F7A42001DDDF17400D5BE4A /* TableViewAnimationDemo */ = {
			isa = PBXGroup;
			children = (
				3F7A42011DDDF17400D5BE4A /* AppDelegate.swift */,
				3F7A42031DDDF17400D5BE4A /* ViewController.swift */,
				3F7A42051DDDF17400D5BE4A /* Main.storyboard */,
				3F7A42081DDDF17400D5BE4A /* Assets.xcassets */,
				3F7A420A1DDDF17400D5BE4A /* LaunchScreen.storyboard */,
				3F7A420D1DDDF17400D5BE4A /* Info.plist */,
			);
			path = TableViewAnimationDemo;
			sourceTree = "<group>";
		};
/* End PBXGroup section */

/* Begin PBXNativeTarget section */
		3F7A41FD1DDDF17400D5BE4A /* TableViewAnimationDemo */ = {
			isa = PBXNativeTarget;
			buildConfigurationList = 3F7A42101DDDF17400D5BE4A /* Build configuration list for PBXNativeTarget "TableViewAnimationDemo" */;
			buildPhases = (
				3F7A41FA1DDDF17400D5BE4A /* Sources */,
				3F7A41FB1DDDF17400D5BE4A /* Frameworks */,
				3F7A41FC1DDDF17400D5BE4A /* Resources */,
			);
			buildRules = (
			);
			dependencies = (
			);
			name = TableViewAnimationDemo;
			productName = TableViewAnimationDemo;
			productReference = 3F7A41FE1DDDF17400D5BE4A /* TableViewAnimationDemo.app */;
			productType = "com.apple.product-type.application";
		};
/* End PBXNativeTarget section */

/* Begin PBXProject section */
		3F7A41F61DDDF17400D5BE4A /* Project object */ = {
			isa = PBXProject;
			attributes = {
				LastSwiftUpdateCheck = 0810;
				LastUpgradeCheck = 0810;
				ORGANIZATIONNAME = K;
				TargetAttributes = {
					3F7A41FD1DDDF17400D5BE4A = {
						CreatedOnToolsVersion = 8.1;
						ProvisioningStyle = Automatic;
					};
				};
			};
			buildConfigurationList = 3F7A41F91DDDF17400D5BE4A /* Build configuration list for PBXProject "TableViewAnimationDemo" */;
			compatibilityVersion = "Xcode 3.2";
			developmentRegion = English;
			hasScannedForEncodings = 0;
			knownRegions = (
				en,
				Base,
			);
			mainGroup = 3F7A41F51DDDF17300D5BE4A;
			productRefGroup = 3F7A41FF1DDDF17400D5BE4A /* Products */;
			projectDirPath = "";
			projectRoot = "";
			targets = (
				3F7A41FD1DDDF17400D5BE4A /* TableViewAnimationDemo */,
			);
		};
/* End PBXProject section */

/* Begin PBXResourcesBuildPhase section */
		3F7A41FC1DDDF17400D5BE4A /* Resources */ = {
			isa = PBXResourcesBuildPhase;
			buildActionMask = 2147483647;
			files = (
				3F7A420C1DDDF17400D5BE4A /* LaunchScreen.storyboard in Resources */,
				3F7A42091DDDF17400D5BE4A /* Assets.xcassets in Resources */,
				3F7A42071DDDF17400D5BE4A /* Main.storyboard in Resources */,
			);
			runOnlyForDeploymentPostprocessing = 0;
		};
/* End PBXResourcesBuildPhase section */

/* Begin PBXSourcesBuildPhase section */
		3F7A41FA1DDDF17400D5BE4A /* Sources */ = {
			isa = PBXSourcesBuildPhase;
			buildActionMask = 2147483647;
			files = (
				3F7A42041DDDF17400D5BE4A /* ViewController.swift in Sources */,
				3F7A42021DDDF17400D5BE4A /* AppDelegate.swift in Sources */,
			);
			runOnlyForDeploymentPostprocessing = 0;
		};
/* End PBXSourcesBuildPhase section */

/* Begin PBXVariantGroup section */
		3F7A42051DDDF17400D5BE4A /* Main.storyboard */ = {
			isa = PBXVariantGroup;
			children = (
				3F7A42061DDDF17400D5BE4A /* Base */,
			);
			name = Main.storyboard;
			sourceTree = "<group>";
		};
		3F7A420A1DDDF17400D5BE4A /* LaunchScreen.storyboard */ = {
			isa = PBXVariantGroup;
			children = (
				3F7A420B1DDDF17400D5BE4A /* Base */,
			);
			name = LaunchScreen.storyboard;
			sourceTree = "<group>";
		};
/* End PBXVariantGroup section */

/* Begin XCBuildConfiguration section */
		3F7A420E1DDDF17400D5BE4A /* Debug */ = {
			isa = XCBuildConfiguration;
			buildSettings = {
				ALWAYS_SEARCH_USER_PATHS = NO;
				CLANG_ANALYZER_NONNULL = YES;
				CLANG_CXX_LANGUAGE_STANDARD = "gnu++0x";
				CLANG_CXX_LIBRARY = "libc++";
				CLANG_ENABLE_MODULES = YES;
				CLANG_ENABLE_OBJC_ARC = YES;
				CLANG_WARN_BOOL_CONVERSION = YES;
				CLANG_WARN_CONSTANT_CONVERSION = YES;
				CLANG_WARN_DIRECT_OBJC_ISA_USAGE = YES_ERROR;
				CLANG_WARN_DOCUMENTATION_COMMENTS = YES;
				CLANG_WARN_EMPTY_BODY = YES;
				CLANG_WARN_ENUM_CONVERSION = YES;
				CLANG_WARN_INFINITE_RECURSION = YES;
				CLANG_WARN_INT_CONVERSION = YES;
				CLANG_WARN_OBJC_ROOT_CLASS = YES_ERROR;
				CLANG_WARN_SUSPICIOUS_MOVES = YES;
				CLANG_WARN_UNREACHABLE_CODE = YES;
				CLANG_WARN__DUPLICATE_METHOD_MATCH = YES;
				"CODE_SIGN_IDENTITY[sdk=iphoneos*]" = "iPhone Developer";
				COPY_PHASE_STRIP = NO;
				DEBUG_INFORMATION_FORMAT = dwarf;
				ENABLE_STRICT_OBJC_MSGSEND = YES;
				ENABLE_TESTABILITY = YES;
				GCC_C_LANGUAGE_STANDARD = gnu99;
				GCC_DYNAMIC_NO_PIC = NO;
				GCC_NO_COMMON_BLOCKS = YES;
				GCC_OPTIMIZATION_LEVEL = 0;
				GCC_PREPROCESSOR_DEFINITIONS = (
					"DEBUG=1",
					"$(inherited)",
				);
				GCC_WARN_64_TO_32_BIT_CONVERSION = YES;
				GCC_WARN_ABOUT_RETURN_TYPE = YES_ERROR;
				GCC_WARN_UNDECLARED_SELECTOR = YES;
				GCC_WARN_UNINITIALIZED_AUTOS = YES_AGGRESSIVE;
				GCC_WARN_UNUSED_FUNCTION = YES;
				GCC_WARN_UNUSED_VARIABLE = YES;
				IPHONEOS_DEPLOYMENT_TARGET = 10.1;
				MTL_ENABLE_DEBUG_INFO = YES;
				ONLY_ACTIVE_ARCH = YES;
				SDKROOT = iphoneos;
				SWIFT_ACTIVE_COMPILATION_CONDITIONS = DEBUG;
				SWIFT_OPTIMIZATION_LEVEL = "-Onone";
			};
			name = Debug;
		};
		3F7A420F1DDDF17400D5BE4A /* Release */ = {
			isa = XCBuildConfiguration;
			buildSettings = {
				ALWAYS_SEARCH_USER_PATHS = NO;
				CLANG_ANALYZER_NONNULL = YES;
				CLANG_CXX_LANGUAGE_STANDARD = "gnu++0x";
				CLANG_CXX_LIBRARY = "libc++";
				CLANG_ENABLE_MODULES = YES;
				CLANG_ENABLE_OBJC_ARC = YES;
				CLANG_WARN_BOOL_CONVERSION = YES;
				CLANG_WARN_CONSTANT_CONVERSION = YES;
				CLANG_WARN_DIRECT_OBJC_ISA_USAGE = YES_ERROR;
				CLANG_WARN_DOCUMENTATION_COMMENTS = YES;
				CLANG_WARN_EMPTY_BODY = YES;
				CLANG_WARN_ENUM_CONVERSION = YES;
				CLANG_WARN_INFINITE_RECURSION = YES;
				CLANG_WARN_INT_CONVERSION = YES;
				CLANG_WARN_OBJC_ROOT_CLASS = YES_ERROR;
				CLANG_WARN_SUSPICIOUS_MOVES = YES;
				CLANG_WARN_UNREACHABLE_CODE = YES;
				CLANG_WARN__DUPLICATE_METHOD_MATCH = YES;
				"CODE_SIGN_IDENTITY[sdk=iphoneos*]" = "iPhone Developer";
				COPY_PHASE_STRIP = NO;
				DEBUG_INFORMATION_FORMAT = "dwarf-with-dsym";
				ENABLE_NS_ASSERTIONS = NO;
				ENABLE_STRICT_OBJC_MSGSEND = YES;
				GCC_C_LANGUAGE_STANDARD = gnu99;
				GCC_NO_COMMON_BLOCKS = YES;
				GCC_WARN_64_TO_32_BIT_CONVERSION = YES;
				GCC_WARN_ABOUT_RETURN_TYPE = YES_ERROR;
				GCC_WARN_UNDECLARED_SELECTOR = YES;
				GCC_WARN_UNINITIALIZED_AUTOS = YES_AGGRESSIVE;
				GCC_WARN_UNUSED_FUNCTION = YES;
				GCC_WARN_UNUSED_VARIABLE = YES;
				IPHONEOS_DEPLOYMENT_TARGET = 10.1;
				MTL_ENABLE_DEBUG_INFO = NO;
				SDKROOT = iphoneos;
				SWIFT_OPTIMIZATION_LEVEL = "-Owholemodule";
				VALIDATE_PRODUCT = YES;
			};
			name = Release;
		};
		3F7A42111DDDF17400D5BE4A /* Debug */ = {
			isa = XCBuildConfiguration;
			buildSettings = {
				ASSETCATALOG_COMPILER_APPICON_NAME = AppIcon;
				INFOPLIST_FILE = TableViewAnimationDemo/Info.plist;
				LD_RUNPATH_SEARCH_PATHS = "$(inherited) @executable_path/Frameworks";
				PRODUCT_BUNDLE_IDENTIFIER = "cn.swift-cn.TableViewAnimationDemo";
				PRODUCT_NAME = "$(TARGET_NAME)";
				SWIFT_VERSION = 3.0;
			};
			name = Debug;
		};
		3F7A42121DDDF17400D5BE4A /* Release */ = {
			isa = XCBuildConfiguration;
			buildSettings = {
				ASSETCATALOG_COMPILER_APPICON_NAME = AppIcon;
				INFOPLIST_FILE = TableViewAnimationDemo/Info.plist;
				LD_RUNPATH_SEARCH_PATHS = "$(inherited) @executable_path/Frameworks";
				PRODUCT_BUNDLE_IDENTIFIER = "cn.swift-cn.TableViewAnimationDemo";
				PRODUCT_NAME = "$(TARGET_NAME)";
				SWIFT_VERSION = 3.0;
			};
			name = Release;
		};
/* End XCBuildConfiguration section */

/* Begin XCConfigurationList section */
		3F7A41F91DDDF17400D5BE4A /* Build configuration list for PBXProject "TableViewAnimationDemo" */ = {
			isa = XCConfigurationList;
			buildConfigurations = (
				3F7A420E1DDDF17400D5BE4A /* Debug */,
				3F7A420F1DDDF17400D5BE4A /* Release */,
			);
			defaultConfigurationIsVisible = 0;
			defaultConfigurationName = Release;
		};
		3F7A42101DDDF17400D5BE4A /* Build configuration list for PBXNativeTarget "TableViewAnimationDemo" */ = {
			isa = XCConfigurationList;
			buildConfigurations = (
				3F7A42111DDDF17400D5BE4A /* Debug */,
				3F7A42121DDDF17400D5BE4A /* Release */,
			);
			defaultConfigurationIsVisible = 0;
		};
/* End XCConfigurationList section */
	};
	rootObject = 3F7A41F61DDDF17400D5BE4A /* Project object */;
}
